// !$*UTF8*$!
{
	archiveVersion = 1;
	classes = {
	};
	objectVersion = 46;
	objects = {

/* Begin PBXBuildFile section */
		5DF3D8431D9A49EB00A195FA /* main.m in Sources */ = {isa = PBXBuildFile; fileRef = 5DF3D8421D9A49EA00A195FA /* main.m */; };
		5DF3D8461D9A49EB00A195FA /* AppDelegate.m in Sources */ = {isa = PBXBuildFile; fileRef = 5DF3D8451D9A49EB00A195FA /* AppDelegate.m */; };
		5DF3D8491D9A49EB00A195FA /* ViewController.m in Sources */ = {isa = PBXBuildFile; fileRef = 5DF3D8481D9A49EB00A195FA /* ViewController.m */; };
		5DF3D84C1D9A49EB00A195FA /* Main.storyboard in Resources */ = {isa = PBXBuildFile; fileRef = 5DF3D84A1D9A49EB00A195FA /* Main.storyboard */; };
		5DF3D84E1D9A49EB00A195FA /* Assets.xcassets in Resources */ = {isa = PBXBuildFile; fileRef = 5DF3D84D1D9A49EB00A195FA /* Assets.xcassets */; };
		5DF3D8511D9A49EB00A195FA /* LaunchScreen.storyboard in Resources */ = {isa = PBXBuildFile; fileRef = 5DF3D84F1D9A49EB00A195FA /* LaunchScreen.storyboard */; };
		5DF3D85C1D9A49EB00A195FA /* TestDemoTests.m in Sources */ = {isa = PBXBuildFile; fileRef = 5DF3D85B1D9A49EB00A195FA /* TestDemoTests.m */; };
		5DF3D8671D9A49EB00A195FA /* TestDemoUITests.m in Sources */ = {isa = PBXBuildFile; fileRef = 5DF3D8661D9A49EB00A195FA /* TestDemoUITests.m */; };
/* End PBXBuildFile section */

/* Begin PBXContainerItemProxy section */
		5DF3D8581D9A49EB00A195FA /* PBXContainerItemProxy */ = {
			isa = PBXContainerItemProxy;
			containerPortal = 5DF3D8361D9A49EA00A195FA /* Project object */;
			proxyType = 1;
			remoteGlobalIDString = 5DF3D83D1D9A49EA00A195FA;
			remoteInfo = TestDemo;
		};
		5DF3D8631D9A49EB00A195FA /* PBXContainerItemProxy */ = {
			isa = PBXContainerItemProxy;
			containerPortal = 5DF3D8361D9A49EA00A195FA /* Project object */;
			proxyType = 1;
			remoteGlobalIDString = 5DF3D83D1D9A49EA00A195FA;
			remoteInfo = TestDemo;
		};
/* End PBXContainerItemProxy section */

/* Begin PBXFileReference section */
		5DF3D83E1D9A49EA00A195FA /* TestDemo.app */ = {isa = PBXFileReference; explicitFileType = wrapper.application; includeInIndex = 0; path = TestDemo.app; sourceTree = BUILT_PRODUCTS_DIR; };
		5DF3D8421D9A49EA00A195FA /* main.m */ = {isa = PBXFileReference; lastKnownFileType = sourcecode.c.objc; path = main.m; sourceTree = "<group>"; };
		5DF3D8441D9A49EB00A195FA /* AppDelegate.h */ = {isa = PBXFileReference; lastKnownFileType = sourcecode.c.h; path = AppDelegate.h; sourceTree = "<group>"; };
		5DF3D8451D9A49EB00A195FA /* AppDelegate.m */ = {isa = PBXFileReference; lastKnownFileType = sourcecode.c.objc; path = AppDelegate.m; sourceTree = "<group>"; };
		5DF3D8471D9A49EB00A195FA /* ViewController.h */ = {isa = PBXFileReference; lastKnownFileType = sourcecode.c.h; path = ViewController.h; sourceTree = "<group>"; };
		5DF3D8481D9A49EB00A195FA /* ViewController.m */ = {isa = PBXFileReference; lastKnownFileType = sourcecode.c.objc; path = ViewController.m; sourceTree = "<group>"; };
		5DF3D84B1D9A49EB00A195FA /* Base */ = {isa = PBXFileReference; lastKnownFileType = file.storyboard; name = Base; path = Base.lproj/Main.storyboard; sourceTree = "<group>"; };
		5DF3D84D1D9A49EB00A195FA /* Assets.xcassets */ = {isa = PBXFileReference; lastKnownFileType = folder.assetcatalog; path = Assets.xcassets; sourceTree = "<group>"; };
		5DF3D8501D9A49EB00A195FA /* Base */ = {isa = PBXFileReference; lastKnownFileType = file.storyboard; name = Base; path = Base.lproj/LaunchScreen.storyboard; sourceTree = "<group>"; };
		5DF3D8521D9A49EB00A195FA /* Info.plist */ = {isa = PBXFileReference; lastKnownFileType = text.plist.xml; path = Info.plist; sourceTree = "<group>"; };
		5DF3D8571D9A49EB00A195FA /* TestDemoTests.xctest */ = {isa = PBXFileReference; explicitFileType = wrapper.cfbundle; includeInIndex = 0; path = TestDemoTests.xctest; sourceTree = BUILT_PRODUCTS_DIR; };
		5DF3D85B1D9A49EB00A195FA /* TestDemoTests.m */ = {isa = PBXFileReference; lastKnownFileType = sourcecode.c.objc; path = TestDemoTests.m; sourceTree = "<group>"; };
		5DF3D85D1D9A49EB00A195FA /* Info.plist */ = {isa = PBXFileReference; lastKnownFileType = text.plist.xml; path = Info.plist; sourceTree = "<group>"; };
		5DF3D8621D9A49EB00A195FA /* TestDemoUITests.xctest */ = {isa = PBXFileReference; explicitFileType = wrapper.cfbundle; includeInIndex = 0; path = TestDemoUITests.xctest; sourceTree = BUILT_PRODUCTS_DIR; };
		5DF3D8661D9A49EB00A195FA /* TestDemoUITests.m */ = {isa = PBXFileReference; lastKnownFileType = sourcecode.c.objc; path = TestDemoUITests.m; sourceTree = "<group>"; };
		5DF3D8681D9A49EB00A195FA /* Info.plist */ = {isa = PBXFileReference; lastKnownFileType = text.plist.xml; path = Info.plist; sourceTree = "<group>"; };
/* End PBXFileReference section */

/* Begin PBXFrameworksBuildPhase section */
		5DF3D83B1D9A49EA00A195FA /* Frameworks */ = {
			isa = PBXFrameworksBuildPhase;
			buildActionMask = 2147483647;
			files = (
			);
			runOnlyForDeploymentPostprocessing = 0;
		};
		5DF3D8541D9A49EB00A195FA /* Frameworks */ = {
			isa = PBXFrameworksBuildPhase;
			buildActionMask = 2147483647;
			files = (
			);
			runOnlyForDeploymentPostprocessing = 0;
		};
		5DF3D85F1D9A49EB00A195FA /* Frameworks */ = {
			isa = PBXFrameworksBuildPhase;
			buildActionMask = 2147483647;
			files = (
			);
			runOnlyForDeploymentPostprocessing = 0;
		};
/* End PBXFrameworksBuildPhase section */

/* Begin PBXGroup section */
		5DF3D8351D9A49EA00A195FA = {
			isa = PBXGroup;
			children = (
				5DF3D8401D9A49EA00A195FA /* TestDemo */,
				5DF3D85A1D9A49EB00A195FA /* TestDemoTests */,
				5DF3D8651D9A49EB00A195FA /* TestDemoUITests */,
				5DF3D83F1D9A49EA00A195FA /* Products */,
			);
			sourceTree = "<group>";
		};
		5DF3D83F1D9A49EA00A195FA /* Products */ = {
			isa = PBXGroup;
			children = (
				5DF3D83E1D9A49EA00A195FA /* TestDemo.app */,
				5DF3D8571D9A49EB00A195FA /* TestDemoTests.xctest */,
				5DF3D8621D9A49EB00A195FA /* TestDemoUITests.xctest */,
			);
			name = Products;
			sourceTree = "<group>";
		};
		5DF3D8401D9A49EA00A195FA /* TestDemo */ = {
			isa = PBXGroup;
			children = (
				5DF3D8441D9A49EB00A195FA /* AppDelegate.h */,
				5DF3D8451D9A49EB00A195FA /* AppDelegate.m */,
				5DF3D8471D9A49EB00A195FA /* ViewController.h */,
				5DF3D8481D9A49EB00A195FA /* ViewController.m */,
				5DF3D84A1D9A49EB00A195FA /* Main.storyboard */,
				5DF3D84D1D9A49EB00A195FA /* Assets.xcassets */,
				5DF3D84F1D9A49EB00A195FA /* LaunchScreen.storyboard */,
				5DF3D8521D9A49EB00A195FA /* Info.plist */,
				5DF3D8411D9A49EA00A195FA /* Supporting Files */,
			);
			path = TestDemo;
			sourceTree = "<group>";
		};
		5DF3D8411D9A49EA00A195FA /* Supporting Files */ = {
			isa = PBXGroup;
			children = (
				5DF3D8421D9A49EA00A195FA /* main.m */,
			);
			name = "Supporting Files";
			sourceTree = "<group>";
		};
		5DF3D85A1D9A49EB00A195FA /* TestDemoTests */ = {
			isa = PBXGroup;
			children = (
				5DF3D85B1D9A49EB00A195FA /* TestDemoTests.m */,
				5DF3D85D1D9A49EB00A195FA /* Info.plist */,
			);
			path = TestDemoTests;
			sourceTree = "<group>";
		};
		5DF3D8651D9A49EB00A195FA /* TestDemoUITests */ = {
			isa = PBXGroup;
			children = (
				5DF3D8661D9A49EB00A195FA /* TestDemoUITests.m */,
				5DF3D8681D9A49EB00A195FA /* Info.plist */,
			);
			path = TestDemoUITests;
			sourceTree = "<group>";
		};
/* End PBXGroup section */

/* Begin PBXNativeTarget section */
		5DF3D83D1D9A49EA00A195FA /* TestDemo */ = {
			isa = PBXNativeTarget;
			buildConfigurationList = 5DF3D86B1D9A49EB00A195FA /* Build configuration list for PBXNativeTarget "TestDemo" */;
			buildPhases = (
				5DF3D83A1D9A49EA00A195FA /* Sources */,
				5DF3D83B1D9A49EA00A195FA /* Frameworks */,
				5DF3D83C1D9A49EA00A195FA /* Resources */,
			);
			buildRules = (
			);
			dependencies = (
			);
			name = TestDemo;
			productName = TestDemo;
			productReference = 5DF3D83E1D9A49EA00A195FA /* TestDemo.app */;
			productType = "com.apple.product-type.application";
		};
		5DF3D8561D9A49EB00A195FA /* TestDemoTests */ = {
			isa = PBXNativeTarget;
			buildConfigurationList = 5DF3D86E1D9A49EB00A195FA /* Build configuration list for PBXNativeTarget "TestDemoTests" */;
			buildPhases = (
				5DF3D8531D9A49EB00A195FA /* Sources */,
				5DF3D8541D9A49EB00A195FA /* Frameworks */,
				5DF3D8551D9A49EB00A195FA /* Resources */,
			);
			buildRules = (
			);
			dependencies = (
				5DF3D8591D9A49EB00A195FA /* PBXTargetDependency */,
			);
			name = TestDemoTests;
			productName = TestDemoTests;
			productReference = 5DF3D8571D9A49EB00A195FA /* TestDemoTests.xctest */;
			productType = "com.apple.product-type.bundle.unit-test";
		};
		5DF3D8611D9A49EB00A195FA /* TestDemoUITests */ = {
			isa = PBXNativeTarget;
			buildConfigurationList = 5DF3D8711D9A49EB00A195FA /* Build configuration list for PBXNativeTarget "TestDemoUITests" */;
			buildPhases = (
				5DF3D85E1D9A49EB00A195FA /* Sources */,
				5DF3D85F1D9A49EB00A195FA /* Frameworks */,
				5DF3D8601D9A49EB00A195FA /* Resources */,
			);
			buildRules = (
			);
			dependencies = (
				5DF3D8641D9A49EB00A195FA /* PBXTargetDependency */,
			);
			name = TestDemoUITests;
			productName = TestDemoUITests;
			productReference = 5DF3D8621D9A49EB00A195FA /* TestDemoUITests.xctest */;
			productType = "com.apple.product-type.bundle.ui-testing";
		};
/* End PBXNativeTarget section */

/* Begin PBXProject section */
		5DF3D8361D9A49EA00A195FA /* Project object */ = {
			isa = PBXProject;
			attributes = {
				LastUpgradeCheck = 0730;
				ORGANIZATIONNAME = "EvoSoft-mac-01";
				TargetAttributes = {
					5DF3D83D1D9A49EA00A195FA = {
						CreatedOnToolsVersion = 7.3.1;
						DevelopmentTeam = 3SY779HLZE;
					};
					5DF3D8561D9A49EB00A195FA = {
						CreatedOnToolsVersion = 7.3.1;
						DevelopmentTeam = 3SY779HLZE;
						TestTargetID = 5DF3D83D1D9A49EA00A195FA;
					};
					5DF3D8611D9A49EB00A195FA = {
						CreatedOnToolsVersion = 7.3.1;
						DevelopmentTeam = 3SY779HLZE;
						TestTargetID = 5DF3D83D1D9A49EA00A195FA;
					};
				};
			};
			buildConfigurationList = 5DF3D8391D9A49EA00A195FA /* Build configuration list for PBXProject "TestDemo" */;
			compatibilityVersion = "Xcode 3.2";
			developmentRegion = English;
			hasScannedForEncodings = 0;
			knownRegions = (
				en,
				Base,
			);
			mainGroup = 5DF3D8351D9A49EA00A195FA;
			productRefGroup = 5DF3D83F1D9A49EA00A195FA /* Products */;
			projectDirPath = "";
			projectRoot = "";
			targets = (
				5DF3D83D1D9A49EA00A195FA /* TestDemo */,
				5DF3D8561D9A49EB00A195FA /* TestDemoTests */,
				5DF3D8611D9A49EB00A195FA /* TestDemoUITests */,
			);
		};
/* End PBXProject section */

/* Begin PBXResourcesBuildPhase section */
		5DF3D83C1D9A49EA00A195FA /* Resources */ = {
			isa = PBXResourcesBuildPhase;
			buildActionMask = 2147483647;
			files = (
				5DF3D8511D9A49EB00A195FA /* LaunchScreen.storyboard in Resources */,
				5DF3D84E1D9A49EB00A195FA /* Assets.xcassets in Resources */,
				5DF3D84C1D9A49EB00A195FA /* Main.storyboard in Resources */,
			);
			runOnlyForDeploymentPostprocessing = 0;
		};
		5DF3D8551D9A49EB00A195FA /* Resources */ = {
			isa = PBXResourcesBuildPhase;
			buildActionMask = 2147483647;
			files = (
			);
			runOnlyForDeploymentPostprocessing = 0;
		};
		5DF3D8601D9A49EB00A195FA /* Resources */ = {
			isa = PBXResourcesBuildPhase;
			buildActionMask = 2147483647;
			files = (
			);
			runOnlyForDeploymentPostprocessing = 0;
		};
/* End PBXResourcesBuildPhase section */

/* Begin PBXSourcesBuildPhase section */
		5DF3D83A1D9A49EA00A195FA /* Sources */ = {
			isa = PBXSourcesBuildPhase;
			buildActionMask = 2147483647;
			files = (
				5DF3D8491D9A49EB00A195FA /* ViewController.m in Sources */,
				5DF3D8461D9A49EB00A195FA /* AppDelegate.m in Sources */,
				5DF3D8431D9A49EB00A195FA /* main.m in Sources */,
			);
			runOnlyForDeploymentPostprocessing = 0;
		};
		5DF3D8531D9A49EB00A195FA /* Sources */ = {
			isa = PBXSourcesBuildPhase;
			buildActionMask = 2147483647;
			files = (
				5DF3D85C1D9A49EB00A195FA /* TestDemoTests.m in Sources */,
			);
			runOnlyForDeploymentPostprocessing = 0;
		};
		5DF3D85E1D9A49EB00A195FA /* Sources */ = {
			isa = PBXSourcesBuildPhase;
			buildActionMask = 2147483647;
			files = (
				5DF3D8671D9A49EB00A195FA /* TestDemoUITests.m in Sources */,
			);
			runOnlyForDeploymentPostprocessing = 0;
		};
/* End PBXSourcesBuildPhase section */

/* Begin PBXTargetDependency section */
		5DF3D8591D9A49EB00A195FA /* PBXTargetDependency */ = {
			isa = PBXTargetDependency;
			target = 5DF3D83D1D9A49EA00A195FA /* TestDemo */;
			targetProxy = 5DF3D8581D9A49EB00A195FA /* PBXContainerItemProxy */;
		};
		5DF3D8641D9A49EB00A195FA /* PBXTargetDependency */ = {
			isa = PBXTargetDependency;
			target = 5DF3D83D1D9A49EA00A195FA /* TestDemo */;
			targetProxy = 5DF3D8631D9A49EB00A195FA /* PBXContainerItemProxy */;
		};
/* End PBXTargetDependency section */

/* Begin PBXVariantGroup section */
		5DF3D84A1D9A49EB00A195FA /* Main.storyboard */ = {
			isa = PBXVariantGroup;
			children = (
				5DF3D84B1D9A49EB00A195FA /* Base */,
			);
			name = Main.storyboard;
			sourceTree = "<group>";
		};
		5DF3D84F1D9A49EB00A195FA /* LaunchScreen.storyboard */ = {
			isa = PBXVariantGroup;
			children = (
				5DF3D8501D9A49EB00A195FA /* Base */,
			);
			name = LaunchScreen.storyboard;
			sourceTree = "<group>";
		};
/* End PBXVariantGroup section */

/* Begin XCBuildConfiguration section */
		5DF3D8691D9A49EB00A195FA /* Debug */ = {
			isa = XCBuildConfiguration;
			buildSettings = {
				ALWAYS_SEARCH_USER_PATHS = NO;
				CLANG_ANALYZER_NONNULL = YES;
				CLANG_CXX_LANGUAGE_STANDARD = "gnu++0x";
				CLANG_CXX_LIBRARY = "libc++";
				CLANG_ENABLE_MODULES = YES;
				CLANG_ENABLE_OBJC_ARC = YES;
				CLANG_WARN_BOOL_CONVERSION = YES;
				CLANG_WARN_CONSTANT_CONVERSION = YES;
				CLANG_WARN_DIRECT_OBJC_ISA_USAGE = YES_ERROR;
				CLANG_WARN_EMPTY_BODY = YES;
				CLANG_WARN_ENUM_CONVERSION = YES;
				CLANG_WARN_INT_CONVERSION = YES;
				CLANG_WARN_OBJC_ROOT_CLASS = YES_ERROR;
				CLANG_WARN_UNREACHABLE_CODE = YES;
				CLANG_WARN__DUPLICATE_METHOD_MATCH = YES;
				"CODE_SIGN_IDENTITY[sdk=iphoneos*]" = "iPhone Developer";
				COPY_PHASE_STRIP = NO;
				DEBUG_INFORMATION_FORMAT = dwarf;
				ENABLE_STRICT_OBJC_MSGSEND = YES;
				ENABLE_TESTABILITY = YES;
				GCC_C_LANGUAGE_STANDARD = gnu99;
				GCC_DYNAMIC_NO_PIC = NO;
				GCC_NO_COMMON_BLOCKS = YES;
				GCC_OPTIMIZATION_LEVEL = 0;
				GCC_PREPROCESSOR_DEFINITIONS = (
					"DEBUG=1",
					"$(inherited)",
				);
				GCC_WARN_64_TO_32_BIT_CONVERSION = YES;
				GCC_WARN_ABOUT_RETURN_TYPE = YES_ERROR;
				GCC_WARN_UNDECLARED_SELECTOR = YES;
				GCC_WARN_UNINITIALIZED_AUTOS = YES_AGGRESSIVE;
				GCC_WARN_UNUSED_FUNCTION = YES;
				GCC_WARN_UNUSED_VARIABLE = YES;
				IPHONEOS_DEPLOYMENT_TARGET = 9.3;
				MTL_ENABLE_DEBUG_INFO = YES;
				ONLY_ACTIVE_ARCH = YES;
				SDKROOT = iphoneos;
				TARGETED_DEVICE_FAMILY = "1,2";
			};
			name = Debug;
		};
		5DF3D86A1D9A49EB00A195FA /* Release */ = {
			isa = XCBuildConfiguration;
			buildSettings = {
				ALWAYS_SEARCH_USER_PATHS = NO;
				CLANG_ANALYZER_NONNULL = YES;
				CLANG_CXX_LANGUAGE_STANDARD = "gnu++0x";
				CLANG_CXX_LIBRARY = "libc++";
				CLANG_ENABLE_MODULES = YES;
				CLANG_ENABLE_OBJC_ARC = YES;
				CLANG_WARN_BOOL_CONVERSION = YES;
				CLANG_WARN_CONSTANT_CONVERSION = YES;
				CLANG_WARN_DIRECT_OBJC_ISA_USAGE = YES_ERROR;
				CLANG_WARN_EMPTY_BODY = YES;
				CLANG_WARN_ENUM_CONVERSION = YES;
				CLANG_WARN_INT_CONVERSION = YES;
				CLANG_WARN_OBJC_ROOT_CLASS = YES_ERROR;
				CLANG_WARN_UNREACHABLE_CODE = YES;
				CLANG_WARN__DUPLICATE_METHOD_MATCH = YES;
				"CODE_SIGN_IDENTITY[sdk=iphoneos*]" = "iPhone Developer";
				COPY_PHASE_STRIP = NO;
				DEBUG_INFORMATION_FORMAT = "dwarf-with-dsym";
				ENABLE_NS_ASSERTIONS = NO;
				ENABLE_STRICT_OBJC_MSGSEND = YES;
				GCC_C_LANGUAGE_STANDARD = gnu99;
				GCC_NO_COMMON_BLOCKS = YES;
				GCC_WARN_64_TO_32_BIT_CONVERSION = YES;
				GCC_WARN_ABOUT_RETURN_TYPE = YES_ERROR;
				GCC_WARN_UNDECLARED_SELECTOR = YES;
				GCC_WARN_UNINITIALIZED_AUTOS = YES_AGGRESSIVE;
				GCC_WARN_UNUSED_FUNCTION = YES;
				GCC_WARN_UNUSED_VARIABLE = YES;
				IPHONEOS_DEPLOYMENT_TARGET = 9.3;
				MTL_ENABLE_DEBUG_INFO = NO;
				SDKROOT = iphoneos;
				TARGETED_DEVICE_FAMILY = "1,2";
				VALIDATE_PRODUCT = YES;
			};
			name = Release;
		};
		5DF3D86C1D9A49EB00A195FA /* Debug */ = {
			isa = XCBuildConfiguration;
			buildSettings = {
				ASSETCATALOG_COMPILER_APPICON_NAME = AppIcon;
				INFOPLIST_FILE = TestDemo/Info.plist;
				LD_RUNPATH_SEARCH_PATHS = "$(inherited) @executable_path/Frameworks";
				PRODUCT_BUNDLE_IDENTIFIER = Congpeng.TestDemo;
				PRODUCT_NAME = "$(TARGET_NAME)";
			};
			name = Debug;
		};
		5DF3D86D1D9A49EB00A195FA /* Release */ = {
			isa = XCBuildConfiguration;
			buildSettings = {
				ASSETCATALOG_COMPILER_APPICON_NAME = AppIcon;
				INFOPLIST_FILE = TestDemo/Info.plist;
				LD_RUNPATH_SEARCH_PATHS = "$(inherited) @executable_path/Frameworks";
				PRODUCT_BUNDLE_IDENTIFIER = Congpeng.TestDemo;
				PRODUCT_NAME = "$(TARGET_NAME)";
			};
			name = Release;
		};
		5DF3D86F1D9A49EB00A195FA /* Debug */ = {
			isa = XCBuildConfiguration;
			buildSettings = {
				BUNDLE_LOADER = "$(TEST_HOST)";
				INFOPLIST_FILE = TestDemoTests/Info.plist;
				LD_RUNPATH_SEARCH_PATHS = "$(inherited) @executable_path/Frameworks @loader_path/Frameworks";
				PRODUCT_BUNDLE_IDENTIFIER = Congpeng.TestDemoTests;
				PRODUCT_NAME = "$(TARGET_NAME)";
				TEST_HOST = "$(BUILT_PRODUCTS_DIR)/TestDemo.app/TestDemo";
			};
			name = Debug;
		};
		5DF3D8701D9A49EB00A195FA /* Release */ = {
			isa = XCBuildConfiguration;
			buildSettings = {
				BUNDLE_LOADER = "$(TEST_HOST)";
				INFOPLIST_FILE = TestDemoTests/Info.plist;
				LD_RUNPATH_SEARCH_PATHS = "$(inherited) @executable_path/Frameworks @loader_path/Frameworks";
				PRODUCT_BUNDLE_IDENTIFIER = Congpeng.TestDemoTests;
				PRODUCT_NAME = "$(TARGET_NAME)";
				TEST_HOST = "$(BUILT_PRODUCTS_DIR)/TestDemo.app/TestDemo";
			};
			name = Release;
		};
		5DF3D8721D9A49EB00A195FA /* Debug */ = {
			isa = XCBuildConfiguration;
			buildSettings = {
				INFOPLIST_FILE = TestDemoUITests/Info.plist;
				LD_RUNPATH_SEARCH_PATHS = "$(inherited) @executable_path/Frameworks @loader_path/Frameworks";
				PRODUCT_BUNDLE_IDENTIFIER = Congpeng.TestDemoUITests;
				PRODUCT_NAME = "$(TARGET_NAME)";
				TEST_TARGET_NAME = TestDemo;
			};
			name = Debug;
		};
		5DF3D8731D9A49EB00A195FA /* Release */ = {
			isa = XCBuildConfiguration;
			buildSettings = {
				INFOPLIST_FILE = TestDemoUITests/Info.plist;
				LD_RUNPATH_SEARCH_PATHS = "$(inherited) @executable_path/Frameworks @loader_path/Frameworks";
				PRODUCT_BUNDLE_IDENTIFIER = Congpeng.TestDemoUITests;
				PRODUCT_NAME = "$(TARGET_NAME)";
				TEST_TARGET_NAME = TestDemo;
			};
			name = Release;
		};
/* End XCBuildConfiguration section */

/* Begin XCConfigurationList section */
		5DF3D8391D9A49EA00A195FA /* Build configuration list for PBXProject "TestDemo" */ = {
			isa = XCConfigurationList;
			buildConfigurations = (
				5DF3D8691D9A49EB00A195FA /* Debug */,
				5DF3D86A1D9A49EB00A195FA /* Release */,
			);
			defaultConfigurationIsVisible = 0;
			defaultConfigurationName = Release;
		};
		5DF3D86B1D9A49EB00A195FA /* Build configuration list for PBXNativeTarget "TestDemo" */ = {
			isa = XCConfigurationList;
			buildConfigurations = (
				5DF3D86C1D9A49EB00A195FA /* Debug */,
				5DF3D86D1D9A49EB00A195FA /* Release */,
			);
			defaultConfigurationIsVisible = 0;
		};
		5DF3D86E1D9A49EB00A195FA /* Build configuration list for PBXNativeTarget "TestDemoTests" */ = {
			isa = XCConfigurationList;
			buildConfigurations = (
				5DF3D86F1D9A49EB00A195FA /* Debug */,
				5DF3D8701D9A49EB00A195FA /* Release */,
			);
			defaultConfigurationIsVisible = 0;
		};
		5DF3D8711D9A49EB00A195FA /* Build configuration list for PBXNativeTarget "TestDemoUITests" */ = {
			isa = XCConfigurationList;
			buildConfigurations = (
				5DF3D8721D9A49EB00A195FA /* Debug */,
				5DF3D8731D9A49EB00A195FA /* Release */,
			);
			defaultConfigurationIsVisible = 0;
		};
/* End XCConfigurationList section */
	};
	rootObject = 5DF3D8361D9A49EA00A195FA /* Project object */;
}
